
Microsoft Visual Studio Solution File, Format Version 12.00
# Visual Studio Version 17
VisualStudioVersion = 17.6.33829.357
MinimumVisualStudioVersion = 10.0.40219.1
Project("{9A19103F-16F7-4668-BE54-9A1E7A4F7556}") = "Assignment1", "Assignment1.csproj", "{88B41C9D-D4A3-47B8-9365-EB1B2FC1B3D7}"
EndProject
Global
	GlobalSection(SolutionConfigurationPlatforms) = preSolution
		Debug|Any CPU = Debug|Any CPU
		Release|Any CPU = Release|Any CPU
	EndGlobalSection
	GlobalSection(ProjectConfigurationPlatforms) = postSolution
		{88B41C9D-D4A3-47B8-9365-EB1B2FC1B3D7}.Debug|Any CPU.ActiveCfg = Debug|Any CPU
		{88B41C9D-D4A3-47B8-9365-EB1B2FC1B3D7}.Debug|Any CPU.Build.0 = Debug|Any CPU
		{88B41C9D-D4A3-47B8-9365-EB1B2FC1B3D7}.Release|Any CPU.ActiveCfg = Release|Any CPU
		{88B41C9D-D4A3-47B8-9365-EB1B2FC1B3D7}.Release|Any CPU.Build.0 = Release|Any CPU
	EndGlobalSection
	GlobalSection(SolutionProperties) = preSolution
		HideSolutionNode = FALSE
	EndGlobalSection
	GlobalSection(ExtensibilityGlobals) = postSolution
		SolutionGuid = {C14E9106-08EA-4B3A-A591-DE11F7CFA54B}
	EndGlobalSection
EndGlobal
